
Microsoft Visual Studio Solution File, Format Version 10.00
# Visual Studio 2008
Project("{8BC9CEB8-8B4A-11D0-8D11-00A0C91BC942}") = "libxmlrpc_xmlparse", "xmlrpc_xmlparse.vcproj", "{40B0756D-AFEE-4A38-9F38-A372CE431404}"
	ProjectSection(ProjectDependencies) = postProject
		{BD9F6041-A272-462D-8C41-87CEF1F11408} = {BD9F6041-A272-462D-8C41-87CEF1F11408}
		{29FBABB6-E36A-4559-9514-B3DAF6AE1416} = {29FBABB6-E36A-4559-9514-B3DAF6AE1416}
	EndProjectSection
EndProject
Project("{8BC9CEB8-8B4A-11D0-8D11-00A0C91BC942}") = "libxmlrpc_xmltok", "xmlrpc_xmltok.vcproj", "{BD9F6041-A272-462D-8C41-87CEF1F11408}"
	ProjectSection(ProjectDependencies) = postProject
		{99BD200E-A4D5-4ED4-9D00-A6A19EFE1412} = {99BD200E-A4D5-4ED4-9D00-A6A19EFE1412}
	EndProjectSection
EndProject
Project("{8BC9CEB8-8B4A-11D0-8D11-00A0C91BC942}") = "gennmtab", "gennmtab.vcproj", "{99BD200E-A4D5-4ED4-9D00-A6A19EFE1412}"
EndProject
Project("{8BC9CEB8-8B4A-11D0-8D11-00A0C91BC942}") = "libxmlrpc_util", "xmlrpc_util.vcproj", "{29FBABB6-E36A-4559-9514-B3DAF6AE1416}"
EndProject
Project("{8BC9CEB8-8B4A-11D0-8D11-00A0C91BC942}") = "libxmlrpc", "xmlrpc.vcproj", "{226AB06F-60CA-4B21-9040-C6ECC0581522}"
	ProjectSection(ProjectDependencies) = postProject
		{40B0756D-AFEE-4A38-9F38-A372CE431404} = {40B0756D-AFEE-4A38-9F38-A372CE431404}
		{29FBABB6-E36A-4559-9514-B3DAF6AE1416} = {29FBABB6-E36A-4559-9514-B3DAF6AE1416}
	EndProjectSection
EndProject
Project("{8BC9CEB8-8B4A-11D0-8D11-00A0C91BC942}") = "libxmlrpc_abyss", "xmlrpc_abyss.vcproj", "{20A8F64B-F738-4D32-A798-A65AD8291541}"
	ProjectSection(ProjectDependencies) = postProject
		{29FBABB6-E36A-4559-9514-B3DAF6AE1416} = {29FBABB6-E36A-4559-9514-B3DAF6AE1416}
	EndProjectSection
EndProject
Project("{8BC9CEB8-8B4A-11D0-8D11-00A0C91BC942}") = "libxmlrpc_server", "xmlrpc_server.vcproj", "{74B67128-BC84-4BCB-A256-9286B6371552}"
	ProjectSection(ProjectDependencies) = postProject
		{226AB06F-60CA-4B21-9040-C6ECC0581522} = {226AB06F-60CA-4B21-9040-C6ECC0581522}
		{29FBABB6-E36A-4559-9514-B3DAF6AE1416} = {29FBABB6-E36A-4559-9514-B3DAF6AE1416}
	EndProjectSection
EndProject
Project("{8BC9CEB8-8B4A-11D0-8D11-00A0C91BC942}") = "libxmlrpc_server_abyss", "xmlrpc_server_abyss.vcproj", "{E98186CB-F1B0-40A6-87A5-77B13A3F1600}"
	ProjectSection(ProjectDependencies) = postProject
		{74B67128-BC84-4BCB-A256-9286B6371552} = {74B67128-BC84-4BCB-A256-9286B6371552}
		{20A8F64B-F738-4D32-A798-A65AD8291541} = {20A8F64B-F738-4D32-A798-A65AD8291541}
		{226AB06F-60CA-4B21-9040-C6ECC0581522} = {226AB06F-60CA-4B21-9040-C6ECC0581522}
		{29FBABB6-E36A-4559-9514-B3DAF6AE1416} = {29FBABB6-E36A-4559-9514-B3DAF6AE1416}
	EndProjectSection
EndProject
Project("{8BC9CEB8-8B4A-11D0-8D11-00A0C91BC942}") = "libxmlrpc_server_cgi", "xmlrpc_server_cgi.vcproj", "{A2AAAF37-F382-4A11-8D86-53B589921616}"
	ProjectSection(ProjectDependencies) = postProject
		{74B67128-BC84-4BCB-A256-9286B6371552} = {74B67128-BC84-4BCB-A256-9286B6371552}
		{226AB06F-60CA-4B21-9040-C6ECC0581522} = {226AB06F-60CA-4B21-9040-C6ECC0581522}
		{29FBABB6-E36A-4559-9514-B3DAF6AE1416} = {29FBABB6-E36A-4559-9514-B3DAF6AE1416}
	EndProjectSection
EndProject
Project("{8BC9CEB8-8B4A-11D0-8D11-00A0C91BC942}") = "libxmlrpc_server_w32httpsys", "xmlrpc_server_w32httpsys.vcproj", "{0EECB080-FC8F-4C46-9FB7-5DB22F9D1622}"
	ProjectSection(ProjectDependencies) = postProject
		{74B67128-BC84-4BCB-A256-9286B6371552} = {74B67128-BC84-4BCB-A256-9286B6371552}
		{226AB06F-60CA-4B21-9040-C6ECC0581522} = {226AB06F-60CA-4B21-9040-C6ECC0581522}
		{29FBABB6-E36A-4559-9514-B3DAF6AE1416} = {29FBABB6-E36A-4559-9514-B3DAF6AE1416}
	EndProjectSection
EndProject
Project("{8BC9CEB8-8B4A-11D0-8D11-00A0C91BC942}") = "libxmlrpc_client", "xmlrpc_client.vcproj", "{28BB53D9-D487-41DF-BBB3-FDB5846D1630}"
	ProjectSection(ProjectDependencies) = postProject
		{226AB06F-60CA-4B21-9040-C6ECC0581522} = {226AB06F-60CA-4B21-9040-C6ECC0581522}
		{29FBABB6-E36A-4559-9514-B3DAF6AE1416} = {29FBABB6-E36A-4559-9514-B3DAF6AE1416}
	EndProjectSection
EndProject
Project("{8BC9CEB8-8B4A-11D0-8D11-00A0C91BC942}") = "sample_add_asynch_client", "sample_add_asynch_client.vcproj", "{2D4A179E-E2BA-4ED9-934E-7E54C08F1652}"
	ProjectSection(ProjectDependencies) = postProject
		{226AB06F-60CA-4B21-9040-C6ECC0581522} = {226AB06F-60CA-4B21-9040-C6ECC0581522}
		{29FBABB6-E36A-4559-9514-B3DAF6AE1416} = {29FBABB6-E36A-4559-9514-B3DAF6AE1416}
		{28BB53D9-D487-41DF-BBB3-FDB5846D1630} = {28BB53D9-D487-41DF-BBB3-FDB5846D1630}
	EndProjectSection
EndProject
Project("{8BC9CEB8-8B4A-11D0-8D11-00A0C91BC942}") = "sample_add_server", "sample_add_server.vcproj", "{BEEB1B9C-BAF4-4B54-AB51-891156301702}"
	ProjectSection(ProjectDependencies) = postProject
		{74B67128-BC84-4BCB-A256-9286B6371552} = {74B67128-BC84-4BCB-A256-9286B6371552}
		{226AB06F-60CA-4B21-9040-C6ECC0581522} = {226AB06F-60CA-4B21-9040-C6ECC0581522}
		{29FBABB6-E36A-4559-9514-B3DAF6AE1416} = {29FBABB6-E36A-4559-9514-B3DAF6AE1416}
		{E98186CB-F1B0-40A6-87A5-77B13A3F1600} = {E98186CB-F1B0-40A6-87A5-77B13A3F1600}
	EndProjectSection
EndProject
Project("{8BC9CEB8-8B4A-11D0-8D11-00A0C91BC942}") = "sample_add_server_w32httpsys", "sample_add_server_w32httpsys.vcproj", "{B6887828-9480-4D4D-9CFC-AE4980D41707}"
	ProjectSection(ProjectDependencies) = postProject
		{74B67128-BC84-4BCB-A256-9286B6371552} = {74B67128-BC84-4BCB-A256-9286B6371552}
		{226AB06F-60CA-4B21-9040-C6ECC0581522} = {226AB06F-60CA-4B21-9040-C6ECC0581522}
		{0EECB080-FC8F-4C46-9FB7-5DB22F9D1622} = {0EECB080-FC8F-4C46-9FB7-5DB22F9D1622}
		{29FBABB6-E36A-4559-9514-B3DAF6AE1416} = {29FBABB6-E36A-4559-9514-B3DAF6AE1416}
	EndProjectSection
EndProject
Project("{8BC9CEB8-8B4A-11D0-8D11-00A0C91BC942}") = "sample_add_sync_client", "sample_add_sync_client.vcproj", "{A7A81BBD-C84D-479A-A9BD-194ADA3B1710}"
	ProjectSection(ProjectDependencies) = postProject
		{226AB06F-60CA-4B21-9040-C6ECC0581522} = {226AB06F-60CA-4B21-9040-C6ECC0581522}
		{29FBABB6-E36A-4559-9514-B3DAF6AE1416} = {29FBABB6-E36A-4559-9514-B3DAF6AE1416}
		{28BB53D9-D487-41DF-BBB3-FDB5846D1630} = {28BB53D9-D487-41DF-BBB3-FDB5846D1630}
	EndProjectSection
EndProject
Project("{8BC9CEB8-8B4A-11D0-8D11-00A0C91BC942}") = "sample_auth_client", "sample_auth_client.vcproj", "{29A2BBC4-9ED9-4162-817C-FEEB36FB1714}"
	ProjectSection(ProjectDependencies) = postProject
		{226AB06F-60CA-4B21-9040-C6ECC0581522} = {226AB06F-60CA-4B21-9040-C6ECC0581522}
		{29FBABB6-E36A-4559-9514-B3DAF6AE1416} = {29FBABB6-E36A-4559-9514-B3DAF6AE1416}
		{28BB53D9-D487-41DF-BBB3-FDB5846D1630} = {28BB53D9-D487-41DF-BBB3-FDB5846D1630}
	EndProjectSection
EndProject
Project("{8BC9CEB8-8B4A-11D0-8D11-00A0C91BC942}") = "rpctest", "rpctest.vcproj", "{4CFB235E-56AE-4BF2-BE67-8FD4AF5F1722}"
	ProjectSection(ProjectDependencies) = postProject
		{74B67128-BC84-4BCB-A256-9286B6371552} = {74B67128-BC84-4BCB-A256-9286B6371552}
		{20A8F64B-F738-4D32-A798-A65AD8291541} = {20A8F64B-F738-4D32-A798-A65AD8291541}
		{40B0756D-AFEE-4A38-9F38-A372CE431404} = {40B0756D-AFEE-4A38-9F38-A372CE431404}
		{226AB06F-60CA-4B21-9040-C6ECC0581522} = {226AB06F-60CA-4B21-9040-C6ECC0581522}
		{29FBABB6-E36A-4559-9514-B3DAF6AE1416} = {29FBABB6-E36A-4559-9514-B3DAF6AE1416}
		{E98186CB-F1B0-40A6-87A5-77B13A3F1600} = {E98186CB-F1B0-40A6-87A5-77B13A3F1600}
		{28BB53D9-D487-41DF-BBB3-FDB5846D1630} = {28BB53D9-D487-41DF-BBB3-FDB5846D1630}
	EndProjectSection
EndProject
Project("{8BC9CEB8-8B4A-11D0-8D11-00A0C91BC942}") = "libxmlrpc++", "xmlrpc__.vcproj", "{3E7064F3-6200-4C39-85BE-775931D21828}"
	ProjectSection(ProjectDependencies) = postProject
		{74B67128-BC84-4BCB-A256-9286B6371552} = {74B67128-BC84-4BCB-A256-9286B6371552}
		{20A8F64B-F738-4D32-A798-A65AD8291541} = {20A8F64B-F738-4D32-A798-A65AD8291541}
		{226AB06F-60CA-4B21-9040-C6ECC0581522} = {226AB06F-60CA-4B21-9040-C6ECC0581522}
		{29FBABB6-E36A-4559-9514-B3DAF6AE1416} = {29FBABB6-E36A-4559-9514-B3DAF6AE1416}
		{E98186CB-F1B0-40A6-87A5-77B13A3F1600} = {E98186CB-F1B0-40A6-87A5-77B13A3F1600}
		{28BB53D9-D487-41DF-BBB3-FDB5846D1630} = {28BB53D9-D487-41DF-BBB3-FDB5846D1630}
	EndProjectSection
EndProject
Project("{8BC9CEB8-8B4A-11D0-8D11-00A0C91BC942}") = "cpptest", "cpptest.vcproj", "{26FB3E14-7E0C-4B0C-AB1E-CFE4B48A1856}"
	ProjectSection(ProjectDependencies) = postProject
		{74B67128-BC84-4BCB-A256-9286B6371552} = {74B67128-BC84-4BCB-A256-9286B6371552}
		{20A8F64B-F738-4D32-A798-A65AD8291541} = {20A8F64B-F738-4D32-A798-A65AD8291541}
		{226AB06F-60CA-4B21-9040-C6ECC0581522} = {226AB06F-60CA-4B21-9040-C6ECC0581522}
		{29FBABB6-E36A-4559-9514-B3DAF6AE1416} = {29FBABB6-E36A-4559-9514-B3DAF6AE1416}
		{28BB53D9-D487-41DF-BBB3-FDB5846D1630} = {28BB53D9-D487-41DF-BBB3-FDB5846D1630}
		{3E7064F3-6200-4C39-85BE-775931D21828} = {3E7064F3-6200-4C39-85BE-775931D21828}
	EndProjectSection
EndProject
Project("{8BC9CEB8-8B4A-11D0-8D11-00A0C91BC942}") = "xmlrpc", "tool_xmlrpc.vcproj", "{4CFB235E-56AE-4BF2-BE67-8FD4AF5F1940}"
	ProjectSection(ProjectDependencies) = postProject
		{226AB06F-60CA-4B21-9040-C6ECC0581522} = {226AB06F-60CA-4B21-9040-C6ECC0581522}
		{29FBABB6-E36A-4559-9514-B3DAF6AE1416} = {29FBABB6-E36A-4559-9514-B3DAF6AE1416}
		{28BB53D9-D487-41DF-BBB3-FDB5846D1630} = {28BB53D9-D487-41DF-BBB3-FDB5846D1630}
	EndProjectSection
EndProject
Project("{8BC9CEB8-8B4A-11D0-8D11-00A0C91BC942}") = "xmlrpc_transport", "tool_xmlrpc-transport.vcproj", "{4CFB235E-56AE-4BF2-BE67-8FD4AF5F1942}"
	ProjectSection(ProjectDependencies) = postProject
		{74B67128-BC84-4BCB-A256-9286B6371552} = {74B67128-BC84-4BCB-A256-9286B6371552}
		{226AB06F-60CA-4B21-9040-C6ECC0581522} = {226AB06F-60CA-4B21-9040-C6ECC0581522}
		{29FBABB6-E36A-4559-9514-B3DAF6AE1416} = {29FBABB6-E36A-4559-9514-B3DAF6AE1416}
		{28BB53D9-D487-41DF-BBB3-FDB5846D1630} = {28BB53D9-D487-41DF-BBB3-FDB5846D1630}
	EndProjectSection
EndProject
Global
	GlobalSection(SolutionConfigurationPlatforms) = preSolution
		Debug-DLL|Win32 = Debug-DLL|Win32
		Debug-DLL|x64 = Debug-DLL|x64
		Debug-Static|Win32 = Debug-Static|Win32
		Debug-Static|x64 = Debug-Static|x64
		Release-DLL|Win32 = Release-DLL|Win32
		Release-DLL|x64 = Release-DLL|x64
		Release-Static|Win32 = Release-Static|Win32
		Release-Static|x64 = Release-Static|x64
	EndGlobalSection
	GlobalSection(ProjectConfigurationPlatforms) = postSolution
		{40B0756D-AFEE-4A38-9F38-A372CE431404}.Debug-DLL|Win32.ActiveCfg = Debug-DLL|Win32
		{40B0756D-AFEE-4A38-9F38-A372CE431404}.Debug-DLL|Win32.Build.0 = Debug-DLL|Win32
		{40B0756D-AFEE-4A38-9F38-A372CE431404}.Debug-DLL|x64.ActiveCfg = Debug-DLL|x64
		{40B0756D-AFEE-4A38-9F38-A372CE431404}.Debug-DLL|x64.Build.0 = Debug-DLL|x64
		{40B0756D-AFEE-4A38-9F38-A372CE431404}.Debug-Static|Win32.ActiveCfg = Debug-Static|Win32
		{40B0756D-AFEE-4A38-9F38-A372CE431404}.Debug-Static|Win32.Build.0 = Debug-Static|Win32
		{40B0756D-AFEE-4A38-9F38-A372CE431404}.Debug-Static|x64.ActiveCfg = Debug-Static|x64
		{40B0756D-AFEE-4A38-9F38-A372CE431404}.Debug-Static|x64.Build.0 = Debug-Static|x64
		{40B0756D-AFEE-4A38-9F38-A372CE431404}.Release-DLL|Win32.ActiveCfg = Release-DLL|Win32
		{40B0756D-AFEE-4A38-9F38-A372CE431404}.Release-DLL|Win32.Build.0 = Release-DLL|Win32
		{40B0756D-AFEE-4A38-9F38-A372CE431404}.Release-DLL|x64.ActiveCfg = Release-DLL|x64
		{40B0756D-AFEE-4A38-9F38-A372CE431404}.Release-DLL|x64.Build.0 = Release-DLL|x64
		{40B0756D-AFEE-4A38-9F38-A372CE431404}.Release-Static|Win32.ActiveCfg = Release-Static|Win32
		{40B0756D-AFEE-4A38-9F38-A372CE431404}.Release-Static|Win32.Build.0 = Release-Static|Win32
		{40B0756D-AFEE-4A38-9F38-A372CE431404}.Release-Static|x64.ActiveCfg = Release-Static|x64
		{40B0756D-AFEE-4A38-9F38-A372CE431404}.Release-Static|x64.Build.0 = Release-Static|x64
		{BD9F6041-A272-462D-8C41-87CEF1F11408}.Debug-DLL|Win32.ActiveCfg = Debug-DLL|Win32
		{BD9F6041-A272-462D-8C41-87CEF1F11408}.Debug-DLL|Win32.Build.0 = Debug-DLL|Win32
		{BD9F6041-A272-462D-8C41-87CEF1F11408}.Debug-DLL|x64.ActiveCfg = Debug-DLL|x64
		{BD9F6041-A272-462D-8C41-87CEF1F11408}.Debug-DLL|x64.Build.0 = Debug-DLL|x64
		{BD9F6041-A272-462D-8C41-87CEF1F11408}.Debug-Static|Win32.ActiveCfg = Debug-Static|Win32
		{BD9F6041-A272-462D-8C41-87CEF1F11408}.Debug-Static|Win32.Build.0 = Debug-Static|Win32
		{BD9F6041-A272-462D-8C41-87CEF1F11408}.Debug-Static|x64.ActiveCfg = Debug-Static|x64
		{BD9F6041-A272-462D-8C41-87CEF1F11408}.Debug-Static|x64.Build.0 = Debug-Static|x64
		{BD9F6041-A272-462D-8C41-87CEF1F11408}.Release-DLL|Win32.ActiveCfg = Release-DLL|Win32
		{BD9F6041-A272-462D-8C41-87CEF1F11408}.Release-DLL|Win32.Build.0 = Release-DLL|Win32
		{BD9F6041-A272-462D-8C41-87CEF1F11408}.Release-DLL|x64.ActiveCfg = Release-DLL|x64
		{BD9F6041-A272-462D-8C41-87CEF1F11408}.Release-DLL|x64.Build.0 = Release-DLL|x64
		{BD9F6041-A272-462D-8C41-87CEF1F11408}.Release-Static|Win32.ActiveCfg = Release-Static|Win32
		{BD9F6041-A272-462D-8C41-87CEF1F11408}.Release-Static|Win32.Build.0 = Release-Static|Win32
		{BD9F6041-A272-462D-8C41-87CEF1F11408}.Release-Static|x64.ActiveCfg = Release-Static|x64
		{BD9F6041-A272-462D-8C41-87CEF1F11408}.Release-Static|x64.Build.0 = Release-Static|x64
		{99BD200E-A4D5-4ED4-9D00-A6A19EFE1412}.Debug-DLL|Win32.ActiveCfg = Debug-DLL|Win32
		{99BD200E-A4D5-4ED4-9D00-A6A19EFE1412}.Debug-DLL|Win32.Build.0 = Debug-DLL|Win32
		{99BD200E-A4D5-4ED4-9D00-A6A19EFE1412}.Debug-DLL|x64.ActiveCfg = Debug-DLL|x64
		{99BD200E-A4D5-4ED4-9D00-A6A19EFE1412}.Debug-DLL|x64.Build.0 = Debug-DLL|x64
		{99BD200E-A4D5-4ED4-9D00-A6A19EFE1412}.Debug-Static|Win32.ActiveCfg = Debug-Static|Win32
		{99BD200E-A4D5-4ED4-9D00-A6A19EFE1412}.Debug-Static|Win32.Build.0 = Debug-Static|Win32
		{99BD200E-A4D5-4ED4-9D00-A6A19EFE1412}.Debug-Static|x64.ActiveCfg = Debug-Static|x64
		{99BD200E-A4D5-4ED4-9D00-A6A19EFE1412}.Debug-Static|x64.Build.0 = Debug-Static|x64
		{99BD200E-A4D5-4ED4-9D00-A6A19EFE1412}.Release-DLL|Win32.ActiveCfg = Release-DLL|Win32
		{99BD200E-A4D5-4ED4-9D00-A6A19EFE1412}.Release-DLL|Win32.Build.0 = Release-DLL|Win32
		{99BD200E-A4D5-4ED4-9D00-A6A19EFE1412}.Release-DLL|x64.ActiveCfg = Release-DLL|x64
		{99BD200E-A4D5-4ED4-9D00-A6A19EFE1412}.Release-DLL|x64.Build.0 = Release-DLL|x64
		{99BD200E-A4D5-4ED4-9D00-A6A19EFE1412}.Release-Static|Win32.ActiveCfg = Release-Static|Win32
		{99BD200E-A4D5-4ED4-9D00-A6A19EFE1412}.Release-Static|Win32.Build.0 = Release-Static|Win32
		{99BD200E-A4D5-4ED4-9D00-A6A19EFE1412}.Release-Static|x64.ActiveCfg = Release-Static|x64
		{99BD200E-A4D5-4ED4-9D00-A6A19EFE1412}.Release-Static|x64.Build.0 = Release-Static|x64
		{29FBABB6-E36A-4559-9514-B3DAF6AE1416}.Debug-DLL|Win32.ActiveCfg = Debug-DLL|Win32
		{29FBABB6-E36A-4559-9514-B3DAF6AE1416}.Debug-DLL|Win32.Build.0 = Debug-DLL|Win32
		{29FBABB6-E36A-4559-9514-B3DAF6AE1416}.Debug-DLL|x64.ActiveCfg = Debug-DLL|x64
		{29FBABB6-E36A-4559-9514-B3DAF6AE1416}.Debug-DLL|x64.Build.0 = Debug-DLL|x64
		{29FBABB6-E36A-4559-9514-B3DAF6AE1416}.Debug-Static|Win32.ActiveCfg = Debug-Static|Win32
		{29FBABB6-E36A-4559-9514-B3DAF6AE1416}.Debug-Static|Win32.Build.0 = Debug-Static|Win32
		{29FBABB6-E36A-4559-9514-B3DAF6AE1416}.Debug-Static|x64.ActiveCfg = Debug-Static|x64
		{29FBABB6-E36A-4559-9514-B3DAF6AE1416}.Debug-Static|x64.Build.0 = Debug-Static|x64
		{29FBABB6-E36A-4559-9514-B3DAF6AE1416}.Release-DLL|Win32.ActiveCfg = Release-DLL|Win32
		{29FBABB6-E36A-4559-9514-B3DAF6AE1416}.Release-DLL|Win32.Build.0 = Release-DLL|Win32
		{29FBABB6-E36A-4559-9514-B3DAF6AE1416}.Release-DLL|x64.ActiveCfg = Release-DLL|x64
		{29FBABB6-E36A-4559-9514-B3DAF6AE1416}.Release-DLL|x64.Build.0 = Release-DLL|x64
		{29FBABB6-E36A-4559-9514-B3DAF6AE1416}.Release-Static|Win32.ActiveCfg = Release-Static|Win32
		{29FBABB6-E36A-4559-9514-B3DAF6AE1416}.Release-Static|Win32.Build.0 = Release-Static|Win32
		{29FBABB6-E36A-4559-9514-B3DAF6AE1416}.Release-Static|x64.ActiveCfg = Release-Static|x64
		{29FBABB6-E36A-4559-9514-B3DAF6AE1416}.Release-Static|x64.Build.0 = Release-Static|x64
		{226AB06F-60CA-4B21-9040-C6ECC0581522}.Debug-DLL|Win32.ActiveCfg = Debug-DLL|Win32
		{226AB06F-60CA-4B21-9040-C6ECC0581522}.Debug-DLL|Win32.Build.0 = Debug-DLL|Win32
		{226AB06F-60CA-4B21-9040-C6ECC0581522}.Debug-DLL|x64.ActiveCfg = Debug-DLL|x64
		{226AB06F-60CA-4B21-9040-C6ECC0581522}.Debug-DLL|x64.Build.0 = Debug-DLL|x64
		{226AB06F-60CA-4B21-9040-C6ECC0581522}.Debug-Static|Win32.ActiveCfg = Debug-Static|Win32
		{226AB06F-60CA-4B21-9040-C6ECC0581522}.Debug-Static|Win32.Build.0 = Debug-Static|Win32
		{226AB06F-60CA-4B21-9040-C6ECC0581522}.Debug-Static|x64.ActiveCfg = Debug-Static|x64
		{226AB06F-60CA-4B21-9040-C6ECC0581522}.Debug-Static|x64.Build.0 = Debug-Static|x64
		{226AB06F-60CA-4B21-9040-C6ECC0581522}.Release-DLL|Win32.ActiveCfg = Release-DLL|Win32
		{226AB06F-60CA-4B21-9040-C6ECC0581522}.Release-DLL|Win32.Build.0 = Release-DLL|Win32
		{226AB06F-60CA-4B21-9040-C6ECC0581522}.Release-DLL|x64.ActiveCfg = Release-DLL|x64
		{226AB06F-60CA-4B21-9040-C6ECC0581522}.Release-DLL|x64.Build.0 = Release-DLL|x64
		{226AB06F-60CA-4B21-9040-C6ECC0581522}.Release-Static|Win32.ActiveCfg = Release-Static|Win32
		{226AB06F-60CA-4B21-9040-C6ECC0581522}.Release-Static|Win32.Build.0 = Release-Static|Win32
		{226AB06F-60CA-4B21-9040-C6ECC0581522}.Release-Static|x64.ActiveCfg = Release-Static|x64
		{226AB06F-60CA-4B21-9040-C6ECC0581522}.Release-Static|x64.Build.0 = Release-Static|x64
		{20A8F64B-F738-4D32-A798-A65AD8291541}.Debug-DLL|Win32.ActiveCfg = Debug-DLL|Win32
		{20A8F64B-F738-4D32-A798-A65AD8291541}.Debug-DLL|Win32.Build.0 = Debug-DLL|Win32
		{20A8F64B-F738-4D32-A798-A65AD8291541}.Debug-DLL|x64.ActiveCfg = Debug-DLL|x64
		{20A8F64B-F738-4D32-A798-A65AD8291541}.Debug-DLL|x64.Build.0 = Debug-DLL|x64
		{20A8F64B-F738-4D32-A798-A65AD8291541}.Debug-Static|Win32.ActiveCfg = Debug-Static|Win32
		{20A8F64B-F738-4D32-A798-A65AD8291541}.Debug-Static|Win32.Build.0 = Debug-Static|Win32
		{20A8F64B-F738-4D32-A798-A65AD8291541}.Debug-Static|x64.ActiveCfg = Debug-Static|x64
		{20A8F64B-F738-4D32-A798-A65AD8291541}.Debug-Static|x64.Build.0 = Debug-Static|x64
		{20A8F64B-F738-4D32-A798-A65AD8291541}.Release-DLL|Win32.ActiveCfg = Release-DLL|Win32
		{20A8F64B-F738-4D32-A798-A65AD8291541}.Release-DLL|Win32.Build.0 = Release-DLL|Win32
		{20A8F64B-F738-4D32-A798-A65AD8291541}.Release-DLL|x64.ActiveCfg = Release-DLL|x64
		{20A8F64B-F738-4D32-A798-A65AD8291541}.Release-DLL|x64.Build.0 = Release-DLL|x64
		{20A8F64B-F738-4D32-A798-A65AD8291541}.Release-Static|Win32.ActiveCfg = Release-Static|Win32
		{20A8F64B-F738-4D32-A798-A65AD8291541}.Release-Static|Win32.Build.0 = Release-Static|Win32
		{20A8F64B-F738-4D32-A798-A65AD8291541}.Release-Static|x64.ActiveCfg = Release-Static|x64
		{20A8F64B-F738-4D32-A798-A65AD8291541}.Release-Static|x64.Build.0 = Release-Static|x64
		{74B67128-BC84-4BCB-A256-9286B6371552}.Debug-DLL|Win32.ActiveCfg = Debug-DLL|Win32
		{74B67128-BC84-4BCB-A256-9286B6371552}.Debug-DLL|Win32.Build.0 = Debug-DLL|Win32
		{74B67128-BC84-4BCB-A256-9286B6371552}.Debug-DLL|x64.ActiveCfg = Debug-DLL|x64
		{74B67128-BC84-4BCB-A256-9286B6371552}.Debug-DLL|x64.Build.0 = Debug-DLL|x64
		{74B67128-BC84-4BCB-A256-9286B6371552}.Debug-Static|Win32.ActiveCfg = Debug-Static|Win32
		{74B67128-BC84-4BCB-A256-9286B6371552}.Debug-Static|Win32.Build.0 = Debug-Static|Win32
		{74B67128-BC84-4BCB-A256-9286B6371552}.Debug-Static|x64.ActiveCfg = Debug-Static|x64
		{74B67128-BC84-4BCB-A256-9286B6371552}.Debug-Static|x64.Build.0 = Debug-Static|x64
		{74B67128-BC84-4BCB-A256-9286B6371552}.Release-DLL|Win32.ActiveCfg = Release-DLL|Win32
		{74B67128-BC84-4BCB-A256-9286B6371552}.Release-DLL|Win32.Build.0 = Release-DLL|Win32
		{74B67128-BC84-4BCB-A256-9286B6371552}.Release-DLL|x64.ActiveCfg = Release-DLL|x64
		{74B67128-BC84-4BCB-A256-9286B6371552}.Release-DLL|x64.Build.0 = Release-DLL|x64
		{74B67128-BC84-4BCB-A256-9286B6371552}.Release-Static|Win32.ActiveCfg = Release-Static|Win32
		{74B67128-BC84-4BCB-A256-9286B6371552}.Release-Static|Win32.Build.0 = Release-Static|Win32
		{74B67128-BC84-4BCB-A256-9286B6371552}.Release-Static|x64.ActiveCfg = Release-Static|x64
		{74B67128-BC84-4BCB-A256-9286B6371552}.Release-Static|x64.Build.0 = Release-Static|x64
		{E98186CB-F1B0-40A6-87A5-77B13A3F1600}.Debug-DLL|Win32.ActiveCfg = Debug-DLL|Win32
		{E98186CB-F1B0-40A6-87A5-77B13A3F1600}.Debug-DLL|Win32.Build.0 = Debug-DLL|Win32
		{E98186CB-F1B0-40A6-87A5-77B13A3F1600}.Debug-DLL|x64.ActiveCfg = Debug-DLL|x64
		{E98186CB-F1B0-40A6-87A5-77B13A3F1600}.Debug-DLL|x64.Build.0 = Debug-DLL|x64
		{E98186CB-F1B0-40A6-87A5-77B13A3F1600}.Debug-Static|Win32.ActiveCfg = Debug-Static|Win32
		{E98186CB-F1B0-40A6-87A5-77B13A3F1600}.Debug-Static|Win32.Build.0 = Debug-Static|Win32
		{E98186CB-F1B0-40A6-87A5-77B13A3F1600}.Debug-Static|x64.ActiveCfg = Debug-Static|x64
		{E98186CB-F1B0-40A6-87A5-77B13A3F1600}.Debug-Static|x64.Build.0 = Debug-Static|x64
		{E98186CB-F1B0-40A6-87A5-77B13A3F1600}.Release-DLL|Win32.ActiveCfg = Release-DLL|Win32
		{E98186CB-F1B0-40A6-87A5-77B13A3F1600}.Release-DLL|Win32.Build.0 = Release-DLL|Win32
		{E98186CB-F1B0-40A6-87A5-77B13A3F1600}.Release-DLL|x64.ActiveCfg = Release-DLL|x64
		{E98186CB-F1B0-40A6-87A5-77B13A3F1600}.Release-DLL|x64.Build.0 = Release-DLL|x64
		{E98186CB-F1B0-40A6-87A5-77B13A3F1600}.Release-Static|Win32.ActiveCfg = Release-Static|Win32
		{E98186CB-F1B0-40A6-87A5-77B13A3F1600}.Release-Static|Win32.Build.0 = Release-Static|Win32
		{E98186CB-F1B0-40A6-87A5-77B13A3F1600}.Release-Static|x64.ActiveCfg = Release-Static|x64
		{E98186CB-F1B0-40A6-87A5-77B13A3F1600}.Release-Static|x64.Build.0 = Release-Static|x64
		{A2AAAF37-F382-4A11-8D86-53B589921616}.Debug-DLL|Win32.ActiveCfg = Debug-DLL|Win32
		{A2AAAF37-F382-4A11-8D86-53B589921616}.Debug-DLL|Win32.Build.0 = Debug-DLL|Win32
		{A2AAAF37-F382-4A11-8D86-53B589921616}.Debug-DLL|x64.ActiveCfg = Debug-DLL|x64
		{A2AAAF37-F382-4A11-8D86-53B589921616}.Debug-DLL|x64.Build.0 = Debug-DLL|x64
		{A2AAAF37-F382-4A11-8D86-53B589921616}.Debug-Static|Win32.ActiveCfg = Debug-Static|Win32
		{A2AAAF37-F382-4A11-8D86-53B589921616}.Debug-Static|Win32.Build.0 = Debug-Static|Win32
		{A2AAAF37-F382-4A11-8D86-53B589921616}.Debug-Static|x64.ActiveCfg = Debug-Static|x64
		{A2AAAF37-F382-4A11-8D86-53B589921616}.Debug-Static|x64.Build.0 = Debug-Static|x64
		{A2AAAF37-F382-4A11-8D86-53B589921616}.Release-DLL|Win32.ActiveCfg = Release-DLL|Win32
		{A2AAAF37-F382-4A11-8D86-53B589921616}.Release-DLL|Win32.Build.0 = Release-DLL|Win32
		{A2AAAF37-F382-4A11-8D86-53B589921616}.Release-DLL|x64.ActiveCfg = Release-DLL|x64
		{A2AAAF37-F382-4A11-8D86-53B589921616}.Release-DLL|x64.Build.0 = Release-DLL|x64
		{A2AAAF37-F382-4A11-8D86-53B589921616}.Release-Static|Win32.ActiveCfg = Release-Static|Win32
		{A2AAAF37-F382-4A11-8D86-53B589921616}.Release-Static|Win32.Build.0 = Release-Static|Win32
		{A2AAAF37-F382-4A11-8D86-53B589921616}.Release-Static|x64.ActiveCfg = Release-Static|x64
		{A2AAAF37-F382-4A11-8D86-53B589921616}.Release-Static|x64.Build.0 = Release-Static|x64
		{0EECB080-FC8F-4C46-9FB7-5DB22F9D1622}.Debug-DLL|Win32.ActiveCfg = Debug-DLL|Win32
		{0EECB080-FC8F-4C46-9FB7-5DB22F9D1622}.Debug-DLL|Win32.Build.0 = Debug-DLL|Win32
		{0EECB080-FC8F-4C46-9FB7-5DB22F9D1622}.Debug-DLL|x64.ActiveCfg = Debug-DLL|x64
		{0EECB080-FC8F-4C46-9FB7-5DB22F9D1622}.Debug-DLL|x64.Build.0 = Debug-DLL|x64
		{0EECB080-FC8F-4C46-9FB7-5DB22F9D1622}.Debug-Static|Win32.ActiveCfg = Debug-Static|Win32
		{0EECB080-FC8F-4C46-9FB7-5DB22F9D1622}.Debug-Static|Win32.Build.0 = Debug-Static|Win32
		{0EECB080-FC8F-4C46-9FB7-5DB22F9D1622}.Debug-Static|x64.ActiveCfg = Debug-Static|x64
		{0EECB080-FC8F-4C46-9FB7-5DB22F9D1622}.Debug-Static|x64.Build.0 = Debug-Static|x64
		{0EECB080-FC8F-4C46-9FB7-5DB22F9D1622}.Release-DLL|Win32.ActiveCfg = Release-DLL|Win32
		{0EECB080-FC8F-4C46-9FB7-5DB22F9D1622}.Release-DLL|Win32.Build.0 = Release-DLL|Win32
		{0EECB080-FC8F-4C46-9FB7-5DB22F9D1622}.Release-DLL|x64.ActiveCfg = Release-DLL|x64
		{0EECB080-FC8F-4C46-9FB7-5DB22F9D1622}.Release-DLL|x64.Build.0 = Release-DLL|x64
		{0EECB080-FC8F-4C46-9FB7-5DB22F9D1622}.Release-Static|Win32.ActiveCfg = Release-Static|Win32
		{0EECB080-FC8F-4C46-9FB7-5DB22F9D1622}.Release-Static|Win32.Build.0 = Release-Static|Win32
		{0EECB080-FC8F-4C46-9FB7-5DB22F9D1622}.Release-Static|x64.ActiveCfg = Release-Static|x64
		{0EECB080-FC8F-4C46-9FB7-5DB22F9D1622}.Release-Static|x64.Build.0 = Release-Static|x64
		{28BB53D9-D487-41DF-BBB3-FDB5846D1630}.Debug-DLL|Win32.ActiveCfg = Debug-DLL|Win32
		{28BB53D9-D487-41DF-BBB3-FDB5846D1630}.Debug-DLL|Win32.Build.0 = Debug-DLL|Win32
		{28BB53D9-D487-41DF-BBB3-FDB5846D1630}.Debug-DLL|x64.ActiveCfg = Debug-DLL|x64
		{28BB53D9-D487-41DF-BBB3-FDB5846D1630}.Debug-DLL|x64.Build.0 = Debug-DLL|x64
		{28BB53D9-D487-41DF-BBB3-FDB5846D1630}.Debug-Static|Win32.ActiveCfg = Debug-Static|Win32
		{28BB53D9-D487-41DF-BBB3-FDB5846D1630}.Debug-Static|Win32.Build.0 = Debug-Static|Win32
		{28BB53D9-D487-41DF-BBB3-FDB5846D1630}.Debug-Static|x64.ActiveCfg = Debug-Static|x64
		{28BB53D9-D487-41DF-BBB3-FDB5846D1630}.Debug-Static|x64.Build.0 = Debug-Static|x64
		{28BB53D9-D487-41DF-BBB3-FDB5846D1630}.Release-DLL|Win32.ActiveCfg = Release-DLL|Win32
		{28BB53D9-D487-41DF-BBB3-FDB5846D1630}.Release-DLL|Win32.Build.0 = Release-DLL|Win32
		{28BB53D9-D487-41DF-BBB3-FDB5846D1630}.Release-DLL|x64.ActiveCfg = Release-DLL|x64
		{28BB53D9-D487-41DF-BBB3-FDB5846D1630}.Release-DLL|x64.Build.0 = Release-DLL|x64
		{28BB53D9-D487-41DF-BBB3-FDB5846D1630}.Release-Static|Win32.ActiveCfg = Release-Static|Win32
		{28BB53D9-D487-41DF-BBB3-FDB5846D1630}.Release-Static|Win32.Build.0 = Release-Static|Win32
		{28BB53D9-D487-41DF-BBB3-FDB5846D1630}.Release-Static|x64.ActiveCfg = Release-Static|x64
		{28BB53D9-D487-41DF-BBB3-FDB5846D1630}.Release-Static|x64.Build.0 = Release-Static|x64
		{2D4A179E-E2BA-4ED9-934E-7E54C08F1652}.Debug-DLL|Win32.ActiveCfg = Debug-DLL|Win32
		{2D4A179E-E2BA-4ED9-934E-7E54C08F1652}.Debug-DLL|Win32.Build.0 = Debug-DLL|Win32
		{2D4A179E-E2BA-4ED9-934E-7E54C08F1652}.Debug-DLL|x64.ActiveCfg = Debug-DLL|x64
		{2D4A179E-E2BA-4ED9-934E-7E54C08F1652}.Debug-DLL|x64.Build.0 = Debug-DLL|x64
		{2D4A179E-E2BA-4ED9-934E-7E54C08F1652}.Debug-Static|Win32.ActiveCfg = Debug-Static|Win32
		{2D4A179E-E2BA-4ED9-934E-7E54C08F1652}.Debug-Static|Win32.Build.0 = Debug-Static|Win32
		{2D4A179E-E2BA-4ED9-934E-7E54C08F1652}.Debug-Static|x64.ActiveCfg = Debug-Static|x64
		{2D4A179E-E2BA-4ED9-934E-7E54C08F1652}.Debug-Static|x64.Build.0 = Debug-Static|x64
		{2D4A179E-E2BA-4ED9-934E-7E54C08F1652}.Release-DLL|Win32.ActiveCfg = Release-DLL|Win32
		{2D4A179E-E2BA-4ED9-934E-7E54C08F1652}.Release-DLL|Win32.Build.0 = Release-DLL|Win32
		{2D4A179E-E2BA-4ED9-934E-7E54C08F1652}.Release-DLL|x64.ActiveCfg = Release-DLL|x64
		{2D4A179E-E2BA-4ED9-934E-7E54C08F1652}.Release-DLL|x64.Build.0 = Release-DLL|x64
		{2D4A179E-E2BA-4ED9-934E-7E54C08F1652}.Release-Static|Win32.ActiveCfg = Release-Static|Win32
		{2D4A179E-E2BA-4ED9-934E-7E54C08F1652}.Release-Static|Win32.Build.0 = Release-Static|Win32
		{2D4A179E-E2BA-4ED9-934E-7E54C08F1652}.Release-Static|x64.ActiveCfg = Release-Static|x64
		{2D4A179E-E2BA-4ED9-934E-7E54C08F1652}.Release-Static|x64.Build.0 = Release-Static|x64
		{BEEB1B9C-BAF4-4B54-AB51-891156301702}.Debug-DLL|Win32.ActiveCfg = Debug-DLL|Win32
		{BEEB1B9C-BAF4-4B54-AB51-891156301702}.Debug-DLL|Win32.Build.0 = Debug-DLL|Win32
		{BEEB1B9C-BAF4-4B54-AB51-891156301702}.Debug-DLL|x64.ActiveCfg = Debug-DLL|x64
		{BEEB1B9C-BAF4-4B54-AB51-891156301702}.Debug-DLL|x64.Build.0 = Debug-DLL|x64
		{BEEB1B9C-BAF4-4B54-AB51-891156301702}.Debug-Static|Win32.ActiveCfg = Debug-Static|Win32
		{BEEB1B9C-BAF4-4B54-AB51-891156301702}.Debug-Static|Win32.Build.0 = Debug-Static|Win32
		{BEEB1B9C-BAF4-4B54-AB51-891156301702}.Debug-Static|x64.ActiveCfg = Debug-Static|x64
		{BEEB1B9C-BAF4-4B54-AB51-891156301702}.Debug-Static|x64.Build.0 = Debug-Static|x64
		{BEEB1B9C-BAF4-4B54-AB51-891156301702}.Release-DLL|Win32.ActiveCfg = Release-DLL|Win32
		{BEEB1B9C-BAF4-4B54-AB51-891156301702}.Release-DLL|Win32.Build.0 = Release-DLL|Win32
		{BEEB1B9C-BAF4-4B54-AB51-891156301702}.Release-DLL|x64.ActiveCfg = Release-DLL|x64
		{BEEB1B9C-BAF4-4B54-AB51-891156301702}.Release-DLL|x64.Build.0 = Release-DLL|x64
		{BEEB1B9C-BAF4-4B54-AB51-891156301702}.Release-Static|Win32.ActiveCfg = Release-Static|Win32
		{BEEB1B9C-BAF4-4B54-AB51-891156301702}.Release-Static|Win32.Build.0 = Release-Static|Win32
		{BEEB1B9C-BAF4-4B54-AB51-891156301702}.Release-Static|x64.ActiveCfg = Release-Static|x64
		{BEEB1B9C-BAF4-4B54-AB51-891156301702}.Release-Static|x64.Build.0 = Release-Static|x64
		{B6887828-9480-4D4D-9CFC-AE4980D41707}.Debug-DLL|Win32.ActiveCfg = Debug-DLL|Win32
		{B6887828-9480-4D4D-9CFC-AE4980D41707}.Debug-DLL|Win32.Build.0 = Debug-DLL|Win32
		{B6887828-9480-4D4D-9CFC-AE4980D41707}.Debug-DLL|x64.ActiveCfg = Debug-DLL|x64
		{B6887828-9480-4D4D-9CFC-AE4980D41707}.Debug-DLL|x64.Build.0 = Debug-DLL|x64
		{B6887828-9480-4D4D-9CFC-AE4980D41707}.Debug-Static|Win32.ActiveCfg = Debug-Static|Win32
		{B6887828-9480-4D4D-9CFC-AE4980D41707}.Debug-Static|Win32.Build.0 = Debug-Static|Win32
		{B6887828-9480-4D4D-9CFC-AE4980D41707}.Debug-Static|x64.ActiveCfg = Debug-Static|x64
		{B6887828-9480-4D4D-9CFC-AE4980D41707}.Debug-Static|x64.Build.0 = Debug-Static|x64
		{B6887828-9480-4D4D-9CFC-AE4980D41707}.Release-DLL|Win32.ActiveCfg = Release-DLL|Win32
		{B6887828-9480-4D4D-9CFC-AE4980D41707}.Release-DLL|Win32.Build.0 = Release-DLL|Win32
		{B6887828-9480-4D4D-9CFC-AE4980D41707}.Release-DLL|x64.ActiveCfg = Release-DLL|x64
		{B6887828-9480-4D4D-9CFC-AE4980D41707}.Release-DLL|x64.Build.0 = Release-DLL|x64
		{B6887828-9480-4D4D-9CFC-AE4980D41707}.Release-Static|Win32.ActiveCfg = Release-Static|Win32
		{B6887828-9480-4D4D-9CFC-AE4980D41707}.Release-Static|Win32.Build.0 = Release-Static|Win32
		{B6887828-9480-4D4D-9CFC-AE4980D41707}.Release-Static|x64.ActiveCfg = Release-Static|x64
		{B6887828-9480-4D4D-9CFC-AE4980D41707}.Release-Static|x64.Build.0 = Release-Static|x64
		{A7A81BBD-C84D-479A-A9BD-194ADA3B1710}.Debug-DLL|Win32.ActiveCfg = Debug-DLL|Win32
		{A7A81BBD-C84D-479A-A9BD-194ADA3B1710}.Debug-DLL|Win32.Build.0 = Debug-DLL|Win32
		{A7A81BBD-C84D-479A-A9BD-194ADA3B1710}.Debug-DLL|x64.ActiveCfg = Debug-DLL|x64
		{A7A81BBD-C84D-479A-A9BD-194ADA3B1710}.Debug-DLL|x64.Build.0 = Debug-DLL|x64
		{A7A81BBD-C84D-479A-A9BD-194ADA3B1710}.Debug-Static|Win32.ActiveCfg = Debug-Static|Win32
		{A7A81BBD-C84D-479A-A9BD-194ADA3B1710}.Debug-Static|Win32.Build.0 = Debug-Static|Win32
		{A7A81BBD-C84D-479A-A9BD-194ADA3B1710}.Debug-Static|x64.ActiveCfg = Debug-Static|x64
		{A7A81BBD-C84D-479A-A9BD-194ADA3B1710}.Debug-Static|x64.Build.0 = Debug-Static|x64
		{A7A81BBD-C84D-479A-A9BD-194ADA3B1710}.Release-DLL|Win32.ActiveCfg = Release-DLL|Win32
		{A7A81BBD-C84D-479A-A9BD-194ADA3B1710}.Release-DLL|Win32.Build.0 = Release-DLL|Win32
		{A7A81BBD-C84D-479A-A9BD-194ADA3B1710}.Release-DLL|x64.ActiveCfg = Release-DLL|x64
		{A7A81BBD-C84D-479A-A9BD-194ADA3B1710}.Release-DLL|x64.Build.0 = Release-DLL|x64
		{A7A81BBD-C84D-479A-A9BD-194ADA3B1710}.Release-Static|Win32.ActiveCfg = Release-Static|Win32
		{A7A81BBD-C84D-479A-A9BD-194ADA3B1710}.Release-Static|Win32.Build.0 = Release-Static|Win32
		{A7A81BBD-C84D-479A-A9BD-194ADA3B1710}.Release-Static|x64.ActiveCfg = Release-Static|x64
		{A7A81BBD-C84D-479A-A9BD-194ADA3B1710}.Release-Static|x64.Build.0 = Release-Static|x64
		{29A2BBC4-9ED9-4162-817C-FEEB36FB1714}.Debug-DLL|Win32.ActiveCfg = Debug-DLL|Win32
		{29A2BBC4-9ED9-4162-817C-FEEB36FB1714}.Debug-DLL|Win32.Build.0 = Debug-DLL|Win32
		{29A2BBC4-9ED9-4162-817C-FEEB36FB1714}.Debug-DLL|x64.ActiveCfg = Debug-DLL|x64
		{29A2BBC4-9ED9-4162-817C-FEEB36FB1714}.Debug-DLL|x64.Build.0 = Debug-DLL|x64
		{29A2BBC4-9ED9-4162-817C-FEEB36FB1714}.Debug-Static|Win32.ActiveCfg = Debug-Static|Win32
		{29A2BBC4-9ED9-4162-817C-FEEB36FB1714}.Debug-Static|Win32.Build.0 = Debug-Static|Win32
		{29A2BBC4-9ED9-4162-817C-FEEB36FB1714}.Debug-Static|x64.ActiveCfg = Debug-Static|x64
		{29A2BBC4-9ED9-4162-817C-FEEB36FB1714}.Debug-Static|x64.Build.0 = Debug-Static|x64
		{29A2BBC4-9ED9-4162-817C-FEEB36FB1714}.Release-DLL|Win32.ActiveCfg = Release-DLL|Win32
		{29A2BBC4-9ED9-4162-817C-FEEB36FB1714}.Release-DLL|Win32.Build.0 = Release-DLL|Win32
		{29A2BBC4-9ED9-4162-817C-FEEB36FB1714}.Release-DLL|x64.ActiveCfg = Release-DLL|x64
		{29A2BBC4-9ED9-4162-817C-FEEB36FB1714}.Release-DLL|x64.Build.0 = Release-DLL|x64
		{29A2BBC4-9ED9-4162-817C-FEEB36FB1714}.Release-Static|Win32.ActiveCfg = Release-Static|Win32
		{29A2BBC4-9ED9-4162-817C-FEEB36FB1714}.Release-Static|Win32.Build.0 = Release-Static|Win32
		{29A2BBC4-9ED9-4162-817C-FEEB36FB1714}.Release-Static|x64.ActiveCfg = Release-Static|x64
		{29A2BBC4-9ED9-4162-817C-FEEB36FB1714}.Release-Static|x64.Build.0 = Release-Static|x64
		{4CFB235E-56AE-4BF2-BE67-8FD4AF5F1722}.Debug-DLL|Win32.ActiveCfg = Debug-DLL|Win32
		{4CFB235E-56AE-4BF2-BE67-8FD4AF5F1722}.Debug-DLL|Win32.Build.0 = Debug-DLL|Win32
		{4CFB235E-56AE-4BF2-BE67-8FD4AF5F1722}.Debug-DLL|x64.ActiveCfg = Debug-DLL|x64
		{4CFB235E-56AE-4BF2-BE67-8FD4AF5F1722}.Debug-DLL|x64.Build.0 = Debug-DLL|x64
		{4CFB235E-56AE-4BF2-BE67-8FD4AF5F1722}.Debug-Static|Win32.ActiveCfg = Debug-Static|Win32
		{4CFB235E-56AE-4BF2-BE67-8FD4AF5F1722}.Debug-Static|Win32.Build.0 = Debug-Static|Win32
		{4CFB235E-56AE-4BF2-BE67-8FD4AF5F1722}.Debug-Static|x64.ActiveCfg = Debug-Static|x64
		{4CFB235E-56AE-4BF2-BE67-8FD4AF5F1722}.Debug-Static|x64.Build.0 = Debug-Static|x64
		{4CFB235E-56AE-4BF2-BE67-8FD4AF5F1722}.Release-DLL|Win32.ActiveCfg = Release-DLL|Win32
		{4CFB235E-56AE-4BF2-BE67-8FD4AF5F1722}.Release-DLL|Win32.Build.0 = Release-DLL|Win32
		{4CFB235E-56AE-4BF2-BE67-8FD4AF5F1722}.Release-DLL|x64.ActiveCfg = Release-DLL|x64
		{4CFB235E-56AE-4BF2-BE67-8FD4AF5F1722}.Release-DLL|x64.Build.0 = Release-DLL|x64
		{4CFB235E-56AE-4BF2-BE67-8FD4AF5F1722}.Release-Static|Win32.ActiveCfg = Release-Static|Win32
		{4CFB235E-56AE-4BF2-BE67-8FD4AF5F1722}.Release-Static|Win32.Build.0 = Release-Static|Win32
		{4CFB235E-56AE-4BF2-BE67-8FD4AF5F1722}.Release-Static|x64.ActiveCfg = Release-Static|x64
		{4CFB235E-56AE-4BF2-BE67-8FD4AF5F1722}.Release-Static|x64.Build.0 = Release-Static|x64
		{3E7064F3-6200-4C39-85BE-775931D21828}.Debug-DLL|Win32.ActiveCfg = Debug-DLL|Win32
		{3E7064F3-6200-4C39-85BE-775931D21828}.Debug-DLL|Win32.Build.0 = Debug-DLL|Win32
		{3E7064F3-6200-4C39-85BE-775931D21828}.Debug-DLL|x64.ActiveCfg = Debug-DLL|x64
		{3E7064F3-6200-4C39-85BE-775931D21828}.Debug-DLL|x64.Build.0 = Debug-DLL|x64
		{3E7064F3-6200-4C39-85BE-775931D21828}.Debug-Static|Win32.ActiveCfg = Debug-Static|Win32
		{3E7064F3-6200-4C39-85BE-775931D21828}.Debug-Static|Win32.Build.0 = Debug-Static|Win32
		{3E7064F3-6200-4C39-85BE-775931D21828}.Debug-Static|x64.ActiveCfg = Debug-Static|x64
		{3E7064F3-6200-4C39-85BE-775931D21828}.Debug-Static|x64.Build.0 = Debug-Static|x64
		{3E7064F3-6200-4C39-85BE-775931D21828}.Release-DLL|Win32.ActiveCfg = Release-DLL|Win32
		{3E7064F3-6200-4C39-85BE-775931D21828}.Release-DLL|Win32.Build.0 = Release-DLL|Win32
		{3E7064F3-6200-4C39-85BE-775931D21828}.Release-DLL|x64.ActiveCfg = Release-DLL|x64
		{3E7064F3-6200-4C39-85BE-775931D21828}.Release-DLL|x64.Build.0 = Release-DLL|x64
		{3E7064F3-6200-4C39-85BE-775931D21828}.Release-Static|Win32.ActiveCfg = Release-Static|Win32
		{3E7064F3-6200-4C39-85BE-775931D21828}.Release-Static|Win32.Build.0 = Release-Static|Win32
		{3E7064F3-6200-4C39-85BE-775931D21828}.Release-Static|x64.ActiveCfg = Release-Static|x64
		{3E7064F3-6200-4C39-85BE-775931D21828}.Release-Static|x64.Build.0 = Release-Static|x64
		{26FB3E14-7E0C-4B0C-AB1E-CFE4B48A1856}.Debug-DLL|Win32.ActiveCfg = Debug-DLL|Win32
		{26FB3E14-7E0C-4B0C-AB1E-CFE4B48A1856}.Debug-DLL|Win32.Build.0 = Debug-DLL|Win32
		{26FB3E14-7E0C-4B0C-AB1E-CFE4B48A1856}.Debug-DLL|x64.ActiveCfg = Debug-DLL|x64
		{26FB3E14-7E0C-4B0C-AB1E-CFE4B48A1856}.Debug-DLL|x64.Build.0 = Debug-DLL|x64
		{26FB3E14-7E0C-4B0C-AB1E-CFE4B48A1856}.Debug-Static|Win32.ActiveCfg = Debug-Static|Win32
		{26FB3E14-7E0C-4B0C-AB1E-CFE4B48A1856}.Debug-Static|Win32.Build.0 = Debug-Static|Win32
		{26FB3E14-7E0C-4B0C-AB1E-CFE4B48A1856}.Debug-Static|x64.ActiveCfg = Debug-Static|x64
		{26FB3E14-7E0C-4B0C-AB1E-CFE4B48A1856}.Debug-Static|x64.Build.0 = Debug-Static|x64
		{26FB3E14-7E0C-4B0C-AB1E-CFE4B48A1856}.Release-DLL|Win32.ActiveCfg = Release-DLL|Win32
		{26FB3E14-7E0C-4B0C-AB1E-CFE4B48A1856}.Release-DLL|Win32.Build.0 = Release-DLL|Win32
		{26FB3E14-7E0C-4B0C-AB1E-CFE4B48A1856}.Release-DLL|x64.ActiveCfg = Release-DLL|x64
		{26FB3E14-7E0C-4B0C-AB1E-CFE4B48A1856}.Release-DLL|x64.Build.0 = Release-DLL|x64
		{26FB3E14-7E0C-4B0C-AB1E-CFE4B48A1856}.Release-Static|Win32.ActiveCfg = Release-Static|Win32
		{26FB3E14-7E0C-4B0C-AB1E-CFE4B48A1856}.Release-Static|Win32.Build.0 = Release-Static|Win32
		{26FB3E14-7E0C-4B0C-AB1E-CFE4B48A1856}.Release-Static|x64.ActiveCfg = Release-Static|x64
		{26FB3E14-7E0C-4B0C-AB1E-CFE4B48A1856}.Release-Static|x64.Build.0 = Release-Static|x64
		{4CFB235E-56AE-4BF2-BE67-8FD4AF5F1940}.Debug-DLL|Win32.ActiveCfg = Debug-DLL|Win32
		{4CFB235E-56AE-4BF2-BE67-8FD4AF5F1940}.Debug-DLL|Win32.Build.0 = Debug-DLL|Win32
		{4CFB235E-56AE-4BF2-BE67-8FD4AF5F1940}.Debug-DLL|x64.ActiveCfg = Debug-DLL|x64
		{4CFB235E-56AE-4BF2-BE67-8FD4AF5F1940}.Debug-DLL|x64.Build.0 = Debug-DLL|x64
		{4CFB235E-56AE-4BF2-BE67-8FD4AF5F1940}.Debug-Static|Win32.ActiveCfg = Debug-Static|Win32
		{4CFB235E-56AE-4BF2-BE67-8FD4AF5F1940}.Debug-Static|Win32.Build.0 = Debug-Static|Win32
		{4CFB235E-56AE-4BF2-BE67-8FD4AF5F1940}.Debug-Static|x64.ActiveCfg = Debug-Static|x64
		{4CFB235E-56AE-4BF2-BE67-8FD4AF5F1940}.Debug-Static|x64.Build.0 = Debug-Static|x64
		{4CFB235E-56AE-4BF2-BE67-8FD4AF5F1940}.Release-DLL|Win32.ActiveCfg = Release-DLL|Win32
		{4CFB235E-56AE-4BF2-BE67-8FD4AF5F1940}.Release-DLL|Win32.Build.0 = Release-DLL|Win32
		{4CFB235E-56AE-4BF2-BE67-8FD4AF5F1940}.Release-DLL|x64.ActiveCfg = Release-DLL|x64
		{4CFB235E-56AE-4BF2-BE67-8FD4AF5F1940}.Release-DLL|x64.Build.0 = Release-DLL|x64
		{4CFB235E-56AE-4BF2-BE67-8FD4AF5F1940}.Release-Static|Win32.ActiveCfg = Release-Static|Win32
		{4CFB235E-56AE-4BF2-BE67-8FD4AF5F1940}.Release-Static|Win32.Build.0 = Release-Static|Win32
		{4CFB235E-56AE-4BF2-BE67-8FD4AF5F1940}.Release-Static|x64.ActiveCfg = Release-Static|x64
		{4CFB235E-56AE-4BF2-BE67-8FD4AF5F1940}.Release-Static|x64.Build.0 = Release-Static|x64
		{4CFB235E-56AE-4BF2-BE67-8FD4AF5F1942}.Debug-DLL|Win32.ActiveCfg = Debug-DLL|Win32
		{4CFB235E-56AE-4BF2-BE67-8FD4AF5F1942}.Debug-DLL|Win32.Build.0 = Debug-DLL|Win32
		{4CFB235E-56AE-4BF2-BE67-8FD4AF5F1942}.Debug-DLL|x64.ActiveCfg = Debug-DLL|x64
		{4CFB235E-56AE-4BF2-BE67-8FD4AF5F1942}.Debug-DLL|x64.Build.0 = Debug-DLL|x64
		{4CFB235E-56AE-4BF2-BE67-8FD4AF5F1942}.Debug-Static|Win32.ActiveCfg = Debug-Static|Win32
		{4CFB235E-56AE-4BF2-BE67-8FD4AF5F1942}.Debug-Static|Win32.Build.0 = Debug-Static|Win32
		{4CFB235E-56AE-4BF2-BE67-8FD4AF5F1942}.Debug-Static|x64.ActiveCfg = Debug-Static|x64
		{4CFB235E-56AE-4BF2-BE67-8FD4AF5F1942}.Debug-Static|x64.Build.0 = Debug-Static|x64
		{4CFB235E-56AE-4BF2-BE67-8FD4AF5F1942}.Release-DLL|Win32.ActiveCfg = Release-DLL|Win32
		{4CFB235E-56AE-4BF2-BE67-8FD4AF5F1942}.Release-DLL|Win32.Build.0 = Release-DLL|Win32
		{4CFB235E-56AE-4BF2-BE67-8FD4AF5F1942}.Release-DLL|x64.ActiveCfg = Release-DLL|x64
		{4CFB235E-56AE-4BF2-BE67-8FD4AF5F1942}.Release-DLL|x64.Build.0 = Release-DLL|x64
		{4CFB235E-56AE-4BF2-BE67-8FD4AF5F1942}.Release-Static|Win32.ActiveCfg = Release-Static|Win32
		{4CFB235E-56AE-4BF2-BE67-8FD4AF5F1942}.Release-Static|Win32.Build.0 = Release-Static|Win32
		{4CFB235E-56AE-4BF2-BE67-8FD4AF5F1942}.Release-Static|x64.ActiveCfg = Release-Static|x64
		{4CFB235E-56AE-4BF2-BE67-8FD4AF5F1942}.Release-Static|x64.Build.0 = Release-Static|x64
	EndGlobalSection
	GlobalSection(SolutionProperties) = preSolution
		HideSolutionNode = FALSE
	EndGlobalSection
EndGlobal
